// !$*UTF8*$!
{
	archiveVersion = 1;
	classes = {
	};
	objectVersion = 46;
	objects = {

/* Begin PBXBuildFile section */
		078BB3911DFA22FE00E59DF6 /* SettingViewController.swift in Sources */ = {isa = PBXBuildFile; fileRef = 078BB3901DFA22FE00E59DF6 /* SettingViewController.swift */; };
		07B139E51DF2777400DC156E /* AppDelegate.swift in Sources */ = {isa = PBXBuildFile; fileRef = 07B139E41DF2777400DC156E /* AppDelegate.swift */; };
		07B139E71DF2777400DC156E /* ViewController.swift in Sources */ = {isa = PBXBuildFile; fileRef = 07B139E61DF2777400DC156E /* ViewController.swift */; };
		07B139EA1DF2777400DC156E /* Main.storyboard in Resources */ = {isa = PBXBuildFile; fileRef = 07B139E81DF2777400DC156E /* Main.storyboard */; };
		07B139EC1DF2777500DC156E /* Assets.xcassets in Resources */ = {isa = PBXBuildFile; fileRef = 07B139EB1DF2777500DC156E /* Assets.xcassets */; };
		07B139EF1DF2777500DC156E /* LaunchScreen.storyboard in Resources */ = {isa = PBXBuildFile; fileRef = 07B139ED1DF2777500DC156E /* LaunchScreen.storyboard */; };
		07B139FA1DF2777500DC156E /* Tip_CalculatorTests.swift in Sources */ = {isa = PBXBuildFile; fileRef = 07B139F91DF2777500DC156E /* Tip_CalculatorTests.swift */; };
		07B13A051DF2777500DC156E /* Tip_CalculatorUITests.swift in Sources */ = {isa = PBXBuildFile; fileRef = 07B13A041DF2777500DC156E /* Tip_CalculatorUITests.swift */; };
/* End PBXBuildFile section */

/* Begin PBXContainerItemProxy section */
		07B139F61DF2777500DC156E /* PBXContainerItemProxy */ = {
			isa = PBXContainerItemProxy;
			containerPortal = 07B139D91DF2777400DC156E /* Project object */;
			proxyType = 1;
			remoteGlobalIDString = 07B139E01DF2777400DC156E;
			remoteInfo = "Tip Calculator";
		};
		07B13A011DF2777500DC156E /* PBXContainerItemProxy */ = {
			isa = PBXContainerItemProxy;
			containerPortal = 07B139D91DF2777400DC156E /* Project object */;
			proxyType = 1;
			remoteGlobalIDString = 07B139E01DF2777400DC156E;
			remoteInfo = "Tip Calculator";
		};
/* End PBXContainerItemProxy section */

/* Begin PBXFileReference section */
		078BB3901DFA22FE00E59DF6 /* SettingViewController.swift */ = {isa = PBXFileReference; fileEncoding = 4; lastKnownFileType = sourcecode.swift; path = SettingViewController.swift; sourceTree = "<group>"; };
		07B139E11DF2777400DC156E /* Tip Calculator.app */ = {isa = PBXFileReference; explicitFileType = wrapper.application; includeInIndex = 0; path = "Tip Calculator.app"; sourceTree = BUILT_PRODUCTS_DIR; };
		07B139E41DF2777400DC156E /* AppDelegate.swift */ = {isa = PBXFileReference; lastKnownFileType = sourcecode.swift; path = AppDelegate.swift; sourceTree = "<group>"; };
		07B139E61DF2777400DC156E /* ViewController.swift */ = {isa = PBXFileReference; lastKnownFileType = sourcecode.swift; path = ViewController.swift; sourceTree = "<group>"; };
		07B139E91DF2777400DC156E /* Base */ = {isa = PBXFileReference; lastKnownFileType = file.storyboard; name = Base; path = Base.lproj/Main.storyboard; sourceTree = "<group>"; };
		07B139EB1DF2777500DC156E /* Assets.xcassets */ = {isa = PBXFileReference; lastKnownFileType = folder.assetcatalog; path = Assets.xcassets; sourceTree = "<group>"; };
		07B139EE1DF2777500DC156E /* Base */ = {isa = PBXFileReference; lastKnownFileType = file.storyboard; name = Base; path = Base.lproj/LaunchScreen.storyboard; sourceTree = "<group>"; };
		07B139F01DF2777500DC156E /* Info.plist */ = {isa = PBXFileReference; lastKnownFileType = text.plist.xml; path = Info.plist; sourceTree = "<group>"; };
		07B139F51DF2777500DC156E /* Tip CalculatorTests.xctest */ = {isa = PBXFileReference; explicitFileType = wrapper.cfbundle; includeInIndex = 0; path = "Tip CalculatorTests.xctest"; sourceTree = BUILT_PRODUCTS_DIR; };
		07B139F91DF2777500DC156E /* Tip_CalculatorTests.swift */ = {isa = PBXFileReference; lastKnownFileType = sourcecode.swift; path = Tip_CalculatorTests.swift; sourceTree = "<group>"; };
		07B139FB1DF2777500DC156E /* Info.plist */ = {isa = PBXFileReference; lastKnownFileType = text.plist.xml; path = Info.plist; sourceTree = "<group>"; };
		07B13A001DF2777500DC156E /* Tip CalculatorUITests.xctest */ = {isa = PBXFileReference; explicitFileType = wrapper.cfbundle; includeInIndex = 0; path = "Tip CalculatorUITests.xctest"; sourceTree = BUILT_PRODUCTS_DIR; };
		07B13A041DF2777500DC156E /* Tip_CalculatorUITests.swift */ = {isa = PBXFileReference; lastKnownFileType = sourcecode.swift; path = Tip_CalculatorUITests.swift; sourceTree = "<group>"; };
		07B13A061DF2777500DC156E /* Info.plist */ = {isa = PBXFileReference; lastKnownFileType = text.plist.xml; path = Info.plist; sourceTree = "<group>"; };
/* End PBXFileReference section */

/* Begin PBXFrameworksBuildPhase section */
		07B139DE1DF2777400DC156E /* Frameworks */ = {
			isa = PBXFrameworksBuildPhase;
			buildActionMask = 2147483647;
			files = (
			);
			runOnlyForDeploymentPostprocessing = 0;
		};
		07B139F21DF2777500DC156E /* Frameworks */ = {
			isa = PBXFrameworksBuildPhase;
			buildActionMask = 2147483647;
			files = (
			);
			runOnlyForDeploymentPostprocessing = 0;
		};
		07B139FD1DF2777500DC156E /* Frameworks */ = {
			isa = PBXFrameworksBuildPhase;
			buildActionMask = 2147483647;
			files = (
			);
			runOnlyForDeploymentPostprocessing = 0;
		};
/* End PBXFrameworksBuildPhase section */

/* Begin PBXGroup section */
		07B139D81DF2777400DC156E = {
			isa = PBXGroup;
			children = (
				07B139E31DF2777400DC156E /* Tip Calculator */,
				07B139F81DF2777500DC156E /* Tip CalculatorTests */,
				07B13A031DF2777500DC156E /* Tip CalculatorUITests */,
				07B139E21DF2777400DC156E /* Products */,
			);
			sourceTree = "<group>";
		};
		07B139E21DF2777400DC156E /* Products */ = {
			isa = PBXGroup;
			children = (
				07B139E11DF2777400DC156E /* Tip Calculator.app */,
				07B139F51DF2777500DC156E /* Tip CalculatorTests.xctest */,
				07B13A001DF2777500DC156E /* Tip CalculatorUITests.xctest */,
			);
			name = Products;
			sourceTree = "<group>";
		};
		07B139E31DF2777400DC156E /* Tip Calculator */ = {
			isa = PBXGroup;
			children = (
				07B139E41DF2777400DC156E /* AppDelegate.swift */,
				07B139E61DF2777400DC156E /* ViewController.swift */,
				078BB3901DFA22FE00E59DF6 /* SettingViewController.swift */,
				07B139E81DF2777400DC156E /* Main.storyboard */,
				07B139EB1DF2777500DC156E /* Assets.xcassets */,
				07B139ED1DF2777500DC156E /* LaunchScreen.storyboard */,
				07B139F01DF2777500DC156E /* Info.plist */,
			);
			path = "Tip Calculator";
			sourceTree = "<group>";
		};
		07B139F81DF2777500DC156E /* Tip CalculatorTests */ = {
			isa = PBXGroup;
			children = (
				07B139F91DF2777500DC156E /* Tip_CalculatorTests.swift */,
				07B139FB1DF2777500DC156E /* Info.plist */,
			);
			path = "Tip CalculatorTests";
			sourceTree = "<group>";
		};
		07B13A031DF2777500DC156E /* Tip CalculatorUITests */ = {
			isa = PBXGroup;
			children = (
				07B13A041DF2777500DC156E /* Tip_CalculatorUITests.swift */,
				07B13A061DF2777500DC156E /* Info.plist */,
			);
			path = "Tip CalculatorUITests";
			sourceTree = "<group>";
		};
/* End PBXGroup section */

/* Begin PBXNativeTarget section */
		07B139E01DF2777400DC156E /* Tip Calculator */ = {
			isa = PBXNativeTarget;
			buildConfigurationList = 07B13A091DF2777500DC156E /* Build configuration list for PBXNativeTarget "Tip Calculator" */;
			buildPhases = (
				07B139DD1DF2777400DC156E /* Sources */,
				07B139DE1DF2777400DC156E /* Frameworks */,
				07B139DF1DF2777400DC156E /* Resources */,
			);
			buildRules = (
			);
			dependencies = (
			);
			name = "Tip Calculator";
			productName = "Tip Calculator";
			productReference = 07B139E11DF2777400DC156E /* Tip Calculator.app */;
			productType = "com.apple.product-type.application";
		};
		07B139F41DF2777500DC156E /* Tip CalculatorTests */ = {
			isa = PBXNativeTarget;
			buildConfigurationList = 07B13A0C1DF2777500DC156E /* Build configuration list for PBXNativeTarget "Tip CalculatorTests" */;
			buildPhases = (
				07B139F11DF2777500DC156E /* Sources */,
				07B139F21DF2777500DC156E /* Frameworks */,
				07B139F31DF2777500DC156E /* Resources */,
			);
			buildRules = (
			);
			dependencies = (
				07B139F71DF2777500DC156E /* PBXTargetDependency */,
			);
			name = "Tip CalculatorTests";
			productName = "Tip CalculatorTests";
			productReference = 07B139F51DF2777500DC156E /* Tip CalculatorTests.xctest */;
			productType = "com.apple.product-type.bundle.unit-test";
		};
		07B139FF1DF2777500DC156E /* Tip CalculatorUITests */ = {
			isa = PBXNativeTarget;
			buildConfigurationList = 07B13A0F1DF2777500DC156E /* Build configuration list for PBXNativeTarget "Tip CalculatorUITests" */;
			buildPhases = (
				07B139FC1DF2777500DC156E /* Sources */,
				07B139FD1DF2777500DC156E /* Frameworks */,
				07B139FE1DF2777500DC156E /* Resources */,
			);
			buildRules = (
			);
			dependencies = (
				07B13A021DF2777500DC156E /* PBXTargetDependency */,
			);
			name = "Tip CalculatorUITests";
			productName = "Tip CalculatorUITests";
			productReference = 07B13A001DF2777500DC156E /* Tip CalculatorUITests.xctest */;
			productType = "com.apple.product-type.bundle.ui-testing";
		};
/* End PBXNativeTarget section */

/* Begin PBXProject section */
		07B139D91DF2777400DC156E /* Project object */ = {
			isa = PBXProject;
			attributes = {
				LastSwiftUpdateCheck = 0810;
				LastUpgradeCheck = 0810;
				ORGANIZATIONNAME = uye;
				TargetAttributes = {
					07B139E01DF2777400DC156E = {
						CreatedOnToolsVersion = 8.1;
						ProvisioningStyle = Automatic;
					};
					07B139F41DF2777500DC156E = {
						CreatedOnToolsVersion = 8.1;
						ProvisioningStyle = Automatic;
						TestTargetID = 07B139E01DF2777400DC156E;
					};
					07B139FF1DF2777500DC156E = {
						CreatedOnToolsVersion = 8.1;
						ProvisioningStyle = Automatic;
						TestTargetID = 07B139E01DF2777400DC156E;
					};
				};
			};
			buildConfigurationList = 07B139DC1DF2777400DC156E /* Build configuration list for PBXProject "Tip Calculator" */;
			compatibilityVersion = "Xcode 3.2";
			developmentRegion = English;
			hasScannedForEncodings = 0;
			knownRegions = (
				en,
				Base,
			);
			mainGroup = 07B139D81DF2777400DC156E;
			productRefGroup = 07B139E21DF2777400DC156E /* Products */;
			projectDirPath = "";
			projectRoot = "";
			targets = (
				07B139E01DF2777400DC156E /* Tip Calculator */,
				07B139F41DF2777500DC156E /* Tip CalculatorTests */,
				07B139FF1DF2777500DC156E /* Tip CalculatorUITests */,
			);
		};
/* End PBXProject section */

/* Begin PBXResourcesBuildPhase section */
		07B139DF1DF2777400DC156E /* Resources */ = {
			isa = PBXResourcesBuildPhase;
			buildActionMask = 2147483647;
			files = (
				07B139EF1DF2777500DC156E /* LaunchScreen.storyboard in Resources */,
				07B139EC1DF2777500DC156E /* Assets.xcassets in Resources */,
				07B139EA1DF2777400DC156E /* Main.storyboard in Resources */,
			);
			runOnlyForDeploymentPostprocessing = 0;
		};
		07B139F31DF2777500DC156E /* Resources */ = {
			isa = PBXResourcesBuildPhase;
			buildActionMask = 2147483647;
			files = (
			);
			runOnlyForDeploymentPostprocessing = 0;
		};
		07B139FE1DF2777500DC156E /* Resources */ = {
			isa = PBXResourcesBuildPhase;
			buildActionMask = 2147483647;
			files = (
			);
			runOnlyForDeploymentPostprocessing = 0;
		};
/* End PBXResourcesBuildPhase section */

/* Begin PBXSourcesBuildPhase section */
		07B139DD1DF2777400DC156E /* Sources */ = {
			isa = PBXSourcesBuildPhase;
			buildActionMask = 2147483647;
			files = (
				07B139E71DF2777400DC156E /* ViewController.swift in Sources */,
				07B139E51DF2777400DC156E /* AppDelegate.swift in Sources */,
				078BB3911DFA22FE00E59DF6 /* SettingViewController.swift in Sources */,
			);
			runOnlyForDeploymentPostprocessing = 0;
		};
		07B139F11DF2777500DC156E /* Sources */ = {
			isa = PBXSourcesBuildPhase;
			buildActionMask = 2147483647;
			files = (
				07B139FA1DF2777500DC156E /* Tip_CalculatorTests.swift in Sources */,
			);
			runOnlyForDeploymentPostprocessing = 0;
		};
		07B139FC1DF2777500DC156E /* Sources */ = {
			isa = PBXSourcesBuildPhase;
			buildActionMask = 2147483647;
			files = (
				07B13A051DF2777500DC156E /* Tip_CalculatorUITests.swift in Sources */,
			);
			runOnlyForDeploymentPostprocessing = 0;
		};
/* End PBXSourcesBuildPhase section */

/* Begin PBXTargetDependency section */
		07B139F71DF2777500DC156E /* PBXTargetDependency */ = {
			isa = PBXTargetDependency;
			target = 07B139E01DF2777400DC156E /* Tip Calculator */;
			targetProxy = 07B139F61DF2777500DC156E /* PBXContainerItemProxy */;
		};
		07B13A021DF2777500DC156E /* PBXTargetDependency */ = {
			isa = PBXTargetDependency;
			target = 07B139E01DF2777400DC156E /* Tip Calculator */;
			targetProxy = 07B13A011DF2777500DC156E /* PBXContainerItemProxy */;
		};
/* End PBXTargetDependency section */

/* Begin PBXVariantGroup section */
		07B139E81DF2777400DC156E /* Main.storyboard */ = {
			isa = PBXVariantGroup;
			children = (
				07B139E91DF2777400DC156E /* Base */,
			);
			name = Main.storyboard;
			sourceTree = "<group>";
		};
		07B139ED1DF2777500DC156E /* LaunchScreen.storyboard */ = {
			isa = PBXVariantGroup;
			children = (
				07B139EE1DF2777500DC156E /* Base */,
			);
			name = LaunchScreen.storyboard;
			sourceTree = "<group>";
		};
/* End PBXVariantGroup section */

/* Begin XCBuildConfiguration section */
		07B13A071DF2777500DC156E /* Debug */ = {
			isa = XCBuildConfiguration;
			buildSettings = {
				ALWAYS_SEARCH_USER_PATHS = NO;
				CLANG_ANALYZER_NONNULL = YES;
				CLANG_CXX_LANGUAGE_STANDARD = "gnu++0x";
				CLANG_CXX_LIBRARY = "libc++";
				CLANG_ENABLE_MODULES = YES;
				CLANG_ENABLE_OBJC_ARC = YES;
				CLANG_WARN_BOOL_CONVERSION = YES;
				CLANG_WARN_CONSTANT_CONVERSION = YES;
				CLANG_WARN_DIRECT_OBJC_ISA_USAGE = YES_ERROR;
				CLANG_WARN_DOCUMENTATION_COMMENTS = YES;
				CLANG_WARN_EMPTY_BODY = YES;
				CLANG_WARN_ENUM_CONVERSION = YES;
				CLANG_WARN_INFINITE_RECURSION = YES;
				CLANG_WARN_INT_CONVERSION = YES;
				CLANG_WARN_OBJC_ROOT_CLASS = YES_ERROR;
				CLANG_WARN_SUSPICIOUS_MOVES = YES;
				CLANG_WARN_UNREACHABLE_CODE = YES;
				CLANG_WARN__DUPLICATE_METHOD_MATCH = YES;
				"CODE_SIGN_IDENTITY[sdk=iphoneos*]" = "iPhone Developer";
				COPY_PHASE_STRIP = NO;
				DEBUG_INFORMATION_FORMAT = dwarf;
				ENABLE_STRICT_OBJC_MSGSEND = YES;
				ENABLE_TESTABILITY = YES;
				GCC_C_LANGUAGE_STANDARD = gnu99;
				GCC_DYNAMIC_NO_PIC = NO;
				GCC_NO_COMMON_BLOCKS = YES;
				GCC_OPTIMIZATION_LEVEL = 0;
				GCC_PREPROCESSOR_DEFINITIONS = (
					"DEBUG=1",
					"$(inherited)",
				);
				GCC_WARN_64_TO_32_BIT_CONVERSION = YES;
				GCC_WARN_ABOUT_RETURN_TYPE = YES_ERROR;
				GCC_WARN_UNDECLARED_SELECTOR = YES;
				GCC_WARN_UNINITIALIZED_AUTOS = YES_AGGRESSIVE;
				GCC_WARN_UNUSED_FUNCTION = YES;
				GCC_WARN_UNUSED_VARIABLE = YES;
				IPHONEOS_DEPLOYMENT_TARGET = 10.1;
				MTL_ENABLE_DEBUG_INFO = YES;
				ONLY_ACTIVE_ARCH = YES;
				SDKROOT = iphoneos;
				SWIFT_ACTIVE_COMPILATION_CONDITIONS = DEBUG;
				SWIFT_OPTIMIZATION_LEVEL = "-Onone";
			};
			name = Debug;
		};
		07B13A081DF2777500DC156E /* Release */ = {
			isa = XCBuildConfiguration;
			buildSettings = {
				ALWAYS_SEARCH_USER_PATHS = NO;
				CLANG_ANALYZER_NONNULL = YES;
				CLANG_CXX_LANGUAGE_STANDARD = "gnu++0x";
				CLANG_CXX_LIBRARY = "libc++";
				CLANG_ENABLE_MODULES = YES;
				CLANG_ENABLE_OBJC_ARC = YES;
				CLANG_WARN_BOOL_CONVERSION = YES;
				CLANG_WARN_CONSTANT_CONVERSION = YES;
				CLANG_WARN_DIRECT_OBJC_ISA_USAGE = YES_ERROR;
				CLANG_WARN_DOCUMENTATION_COMMENTS = YES;
				CLANG_WARN_EMPTY_BODY = YES;
				CLANG_WARN_ENUM_CONVERSION = YES;
				CLANG_WARN_INFINITE_RECURSION = YES;
				CLANG_WARN_INT_CONVERSION = YES;
				CLANG_WARN_OBJC_ROOT_CLASS = YES_ERROR;
				CLANG_WARN_SUSPICIOUS_MOVES = YES;
				CLANG_WARN_UNREACHABLE_CODE = YES;
				CLANG_WARN__DUPLICATE_METHOD_MATCH = YES;
				"CODE_SIGN_IDENTITY[sdk=iphoneos*]" = "iPhone Developer";
				COPY_PHASE_STRIP = NO;
				DEBUG_INFORMATION_FORMAT = "dwarf-with-dsym";
				ENABLE_NS_ASSERTIONS = NO;
				ENABLE_STRICT_OBJC_MSGSEND = YES;
				GCC_C_LANGUAGE_STANDARD = gnu99;
				GCC_NO_COMMON_BLOCKS = YES;
				GCC_WARN_64_TO_32_BIT_CONVERSION = YES;
				GCC_WARN_ABOUT_RETURN_TYPE = YES_ERROR;
				GCC_WARN_UNDECLARED_SELECTOR = YES;
				GCC_WARN_UNINITIALIZED_AUTOS = YES_AGGRESSIVE;
				GCC_WARN_UNUSED_FUNCTION = YES;
				GCC_WARN_UNUSED_VARIABLE = YES;
				IPHONEOS_DEPLOYMENT_TARGET = 10.1;
				MTL_ENABLE_DEBUG_INFO = NO;
				SDKROOT = iphoneos;
				SWIFT_OPTIMIZATION_LEVEL = "-Owholemodule";
				VALIDATE_PRODUCT = YES;
			};
			name = Release;
		};
		07B13A0A1DF2777500DC156E /* Debug */ = {
			isa = XCBuildConfiguration;
			buildSettings = {
				ASSETCATALOG_COMPILER_APPICON_NAME = AppIcon;
				INFOPLIST_FILE = "Tip Calculator/Info.plist";
				IPHONEOS_DEPLOYMENT_TARGET = 10.0;
				LD_RUNPATH_SEARCH_PATHS = "$(inherited) @executable_path/Frameworks";
				PRODUCT_BUNDLE_IDENTIFIER = "com.uye.Tip-Calculator";
				PRODUCT_NAME = "$(TARGET_NAME)";
				SWIFT_VERSION = 3.0;
			};
			name = Debug;
		};
		07B13A0B1DF2777500DC156E /* Release */ = {
			isa = XCBuildConfiguration;
			buildSettings = {
				ASSETCATALOG_COMPILER_APPICON_NAME = AppIcon;
				INFOPLIST_FILE = "Tip Calculator/Info.plist";
				IPHONEOS_DEPLOYMENT_TARGET = 10.0;
				LD_RUNPATH_SEARCH_PATHS = "$(inherited) @executable_path/Frameworks";
				PRODUCT_BUNDLE_IDENTIFIER = "com.uye.Tip-Calculator";
				PRODUCT_NAME = "$(TARGET_NAME)";
				SWIFT_VERSION = 3.0;
			};
			name = Release;
		};
		07B13A0D1DF2777500DC156E /* Debug */ = {
			isa = XCBuildConfiguration;
			buildSettings = {
				ALWAYS_EMBED_SWIFT_STANDARD_LIBRARIES = YES;
				BUNDLE_LOADER = "$(TEST_HOST)";
				INFOPLIST_FILE = "Tip CalculatorTests/Info.plist";
				LD_RUNPATH_SEARCH_PATHS = "$(inherited) @executable_path/Frameworks @loader_path/Frameworks";
				PRODUCT_BUNDLE_IDENTIFIER = "com.uye.Tip-CalculatorTests";
				PRODUCT_NAME = "$(TARGET_NAME)";
				SWIFT_VERSION = 3.0;
				TEST_HOST = "$(BUILT_PRODUCTS_DIR)/Tip Calculator.app/Tip Calculator";
			};
			name = Debug;
		};
		07B13A0E1DF2777500DC156E /* Release */ = {
			isa = XCBuildConfiguration;
			buildSettings = {
				ALWAYS_EMBED_SWIFT_STANDARD_LIBRARIES = YES;
				BUNDLE_LOADER = "$(TEST_HOST)";
				INFOPLIST_FILE = "Tip CalculatorTests/Info.plist";
				LD_RUNPATH_SEARCH_PATHS = "$(inherited) @executable_path/Frameworks @loader_path/Frameworks";
				PRODUCT_BUNDLE_IDENTIFIER = "com.uye.Tip-CalculatorTests";
				PRODUCT_NAME = "$(TARGET_NAME)";
				SWIFT_VERSION = 3.0;
				TEST_HOST = "$(BUILT_PRODUCTS_DIR)/Tip Calculator.app/Tip Calculator";
			};
			name = Release;
		};
		07B13A101DF2777500DC156E /* Debug */ = {
			isa = XCBuildConfiguration;
			buildSettings = {
				ALWAYS_EMBED_SWIFT_STANDARD_LIBRARIES = YES;
				INFOPLIST_FILE = "Tip CalculatorUITests/Info.plist";
				LD_RUNPATH_SEARCH_PATHS = "$(inherited) @executable_path/Frameworks @loader_path/Frameworks";
				PRODUCT_BUNDLE_IDENTIFIER = "com.uye.Tip-CalculatorUITests";
				PRODUCT_NAME = "$(TARGET_NAME)";
				SWIFT_VERSION = 3.0;
				TEST_TARGET_NAME = "Tip Calculator";
			};
			name = Debug;
		};
		07B13A111DF2777500DC156E /* Release */ = {
			isa = XCBuildConfiguration;
			buildSettings = {
				ALWAYS_EMBED_SWIFT_STANDARD_LIBRARIES = YES;
				INFOPLIST_FILE = "Tip CalculatorUITests/Info.plist";
				LD_RUNPATH_SEARCH_PATHS = "$(inherited) @executable_path/Frameworks @loader_path/Frameworks";
				PRODUCT_BUNDLE_IDENTIFIER = "com.uye.Tip-CalculatorUITests";
				PRODUCT_NAME = "$(TARGET_NAME)";
				SWIFT_VERSION = 3.0;
				TEST_TARGET_NAME = "Tip Calculator";
			};
			name = Release;
		};
/* End XCBuildConfiguration section */

/* Begin XCConfigurationList section */
		07B139DC1DF2777400DC156E /* Build configuration list for PBXProject "Tip Calculator" */ = {
			isa = XCConfigurationList;
			buildConfigurations = (
				07B13A071DF2777500DC156E /* Debug */,
				07B13A081DF2777500DC156E /* Release */,
			);
			defaultConfigurationIsVisible = 0;
			defaultConfigurationName = Release;
		};
		07B13A091DF2777500DC156E /* Build configuration list for PBXNativeTarget "Tip Calculator" */ = {
			isa = XCConfigurationList;
			buildConfigurations = (
				07B13A0A1DF2777500DC156E /* Debug */,
				07B13A0B1DF2777500DC156E /* Release */,
			);
			defaultConfigurationIsVisible = 0;
			defaultConfigurationName = Release;
		};
		07B13A0C1DF2777500DC156E /* Build configuration list for PBXNativeTarget "Tip CalculatorTests" */ = {
			isa = XCConfigurationList;
			buildConfigurations = (
				07B13A0D1DF2777500DC156E /* Debug */,
				07B13A0E1DF2777500DC156E /* Release */,
			);
			defaultConfigurationIsVisible = 0;
			defaultConfigurationName = Release;
		};
		07B13A0F1DF2777500DC156E /* Build configuration list for PBXNativeTarget "Tip CalculatorUITests" */ = {
			isa = XCConfigurationList;
			buildConfigurations = (
				07B13A101DF2777500DC156E /* Debug */,
				07B13A111DF2777500DC156E /* Release */,
			);
			defaultConfigurationIsVisible = 0;
			defaultConfigurationName = Release;
		};
/* End XCConfigurationList section */
	};
	rootObject = 07B139D91DF2777400DC156E /* Project object */;
}
